<?xml version="1.0" encoding="utf-8"?>
<Project ToolsVersion="4.0" xmlns="http://schemas.microsoft.com/developer/msbuild/2003">
  <ItemGroup>
    <Filter Include="include">
      <UniqueIdentifier>{a232610b-3b38-44b5-a376-8a4c8b0f51bb}</UniqueIdentifier>
    </Filter>
    <Filter Include="include\primitives">
      <UniqueIdentifier>{8f75d9c5-28f8-4e2d-9e01-2c92c41a7cea}</UniqueIdentifier>
    </Filter>
    <Filter Include="include\object">
      <UniqueIdentifier>{eb86b921-5793-4ca1-af8b-fc6de9660014}</UniqueIdentifier>
    </Filter>
    <Filter Include="source">
      <UniqueIdentifier>{379ffb0c-60f1-455d-ba0f-289191d81ad4}</UniqueIdentifier>
    </Filter>
    <Filter Include="source\object">
      <UniqueIdentifier>{86b3ee72-897e-4a37-9bcc-446b38eab418}</UniqueIdentifier>
    </Filter>
    <Filter Include="source\primitives">
      <UniqueIdentifier>{3abe1812-2685-4a22-a2f2-d8ca2cfc358d}</UniqueIdentifier>
    </Filter>
  </ItemGroup>
  <ItemGroup>
    <ClInclude Include="..\include\primitives\dictobject.h">
      <Filter>include\primitives</Filter>
    </ClInclude>
    <ClInclude Include="..\include\primitives\intobject.h">
      <Filter>include\primitives</Filter>
    </ClInclude>
    <ClInclude Include="..\include\primitives\linkobject.h">
      <Filter>include\primitives</Filter>
    </ClInclude>
    <ClInclude Include="..\include\primitives\listobject.h">
      <Filter>include\primitives</Filter>
    </ClInclude>
    <ClInclude Include="..\include\primitives\nullobject.h">
      <Filter>include\primitives</Filter>
    </ClInclude>
    <ClInclude Include="..\include\primitives\stringobject.h">
      <Filter>include\primitives</Filter>
    </ClInclude>
    <ClInclude Include="..\include\object\object.h">
      <Filter>include\object</Filter>
    </ClInclude>
    <ClInclude Include="..\include\primitives\primitives.h">
      <Filter>include\primitives</Filter>
    </ClInclude>
  </ItemGroup>
  <ItemGroup>
    <ClCompile Include="..\src\primitives\dictobject.cpp">
      <Filter>source\primitives</Filter>
    </ClCompile>
    <ClCompile Include="..\src\primitives\intobject.cpp">
      <Filter>source\primitives</Filter>
    </ClCompile>
    <ClCompile Include="..\src\primitives\linkobject.cpp">
      <Filter>source\primitives</Filter>
    </ClCompile>
    <ClCompile Include="..\src\primitives\listobject.cpp">
      <Filter>source\primitives</Filter>
    </ClCompile>
    <ClCompile Include="..\src\primitives\nullobject.cpp">
      <Filter>source\primitives</Filter>
    </ClCompile>
    <ClCompile Include="..\src\primitives\stringobject.cpp">
      <Filter>source\primitives</Filter>
    </ClCompile>
    <ClCompile Include="..\src\object\object.cpp">
      <Filter>source\object</Filter>
    </ClCompile>
    <ClCompile Include="..\src\object\objectsave.cpp">
      <Filter>source\object</Filter>
    </ClCompile>
    <ClCompile Include="..\src\primitives\primitives.cpp">
      <Filter>source\primitives</Filter>
    </ClCompile>
  </ItemGroup>
</Project>